
Microsoft Visual Studio Solution File, Format Version 12.00
# Visual Studio Version 17
VisualStudioVersion = 17.10.35122.118
MinimumVisualStudioVersion = 10.0.40219.1
Project("{FAE04EC0-301F-11D3-BF4B-00C04F79EFBC}") = "SumaAppMvvm", "SumaAppMvvm\SumaAppMvvm.csproj", "{F721325C-C2DC-4793-82CB-2B84FB6DC311}"
EndProject
Global
	GlobalSection(SolutionConfigurationPlatforms) = preSolution
		Debug|Any CPU = Debug|Any CPU
		Release|Any CPU = Release|Any CPU
	EndGlobalSection
	GlobalSection(ProjectConfigurationPlatforms) = postSolution
		{F721325C-C2DC-4793-82CB-2B84FB6DC311}.Debug|Any CPU.ActiveCfg = Debug|Any CPU
		{F721325C-C2DC-4793-82CB-2B84FB6DC311}.Debug|Any CPU.Build.0 = Debug|Any CPU
		{F721325C-C2DC-4793-82CB-2B84FB6DC311}.Debug|Any CPU.Deploy.0 = Debug|Any CPU
		{F721325C-C2DC-4793-82CB-2B84FB6DC311}.Release|Any CPU.ActiveCfg = Release|Any CPU
		{F721325C-C2DC-4793-82CB-2B84FB6DC311}.Release|Any CPU.Build.0 = Release|Any CPU
		{F721325C-C2DC-4793-82CB-2B84FB6DC311}.Release|Any CPU.Deploy.0 = Release|Any CPU
	EndGlobalSection
	GlobalSection(SolutionProperties) = preSolution
		HideSolutionNode = FALSE
	EndGlobalSection
	GlobalSection(ExtensibilityGlobals) = postSolution
		SolutionGuid = {FA77DDB5-CB5F-4B89-A598-C68941E1AB04}
	EndGlobalSection
EndGlobal
